
Microsoft Visual Studio Solution File, Format Version 12.00
# Visual Studio Version 17
VisualStudioVersion = 17.10.35027.167
MinimumVisualStudioVersion = 10.0.40219.1
Project("{FAE04EC0-301F-11D3-BF4B-00C04F79EFBC}") = "FrameToFrame", "FrameToFrame\FrameToFrame.csproj", "{76F82E8D-5FC0-42B8-8A44-EA3FE663C73E}"
EndProject
Global
	GlobalSection(SolutionConfigurationPlatforms) = preSolution
		Debug|Any CPU = Debug|Any CPU
		Release|Any CPU = Release|Any CPU
	EndGlobalSection
	GlobalSection(ProjectConfigurationPlatforms) = postSolution
		{76F82E8D-5FC0-42B8-8A44-EA3FE663C73E}.Debug|Any CPU.ActiveCfg = Debug|Any CPU
		{76F82E8D-5FC0-42B8-8A44-EA3FE663C73E}.Debug|Any CPU.Build.0 = Debug|Any CPU
		{76F82E8D-5FC0-42B8-8A44-EA3FE663C73E}.Release|Any CPU.ActiveCfg = Release|Any CPU
		{76F82E8D-5FC0-42B8-8A44-EA3FE663C73E}.Release|Any CPU.Build.0 = Release|Any CPU
	EndGlobalSection
	GlobalSection(SolutionProperties) = preSolution
		HideSolutionNode = FALSE
	EndGlobalSection
	GlobalSection(ExtensibilityGlobals) = postSolution
		SolutionGuid = {9D1C5CBC-222B-47C5-8153-8E607827AE12}
	EndGlobalSection
EndGlobal
